
Microsoft Visual Studio Solution File, Format Version 12.00
# Visual Studio Version 16
VisualStudioVersion = 16.0.30104.148
MinimumVisualStudioVersion = 10.0.40219.1
Project("{FAE04EC0-301F-11D3-BF4B-00C04F79EFBC}") = "StonatecConsole", "StonatecConsole\StonatecConsole.csproj", "{B281DAE1-E7D6-4800-9DD7-B7D63CEFA21B}"
EndProject
Global
	GlobalSection(SolutionConfigurationPlatforms) = preSolution
		Debug|Any CPU = Debug|Any CPU
		Release|Any CPU = Release|Any CPU
	EndGlobalSection
	GlobalSection(ProjectConfigurationPlatforms) = postSolution
		{B281DAE1-E7D6-4800-9DD7-B7D63CEFA21B}.Debug|Any CPU.ActiveCfg = Debug|Any CPU
		{B281DAE1-E7D6-4800-9DD7-B7D63CEFA21B}.Debug|Any CPU.Build.0 = Debug|Any CPU
		{B281DAE1-E7D6-4800-9DD7-B7D63CEFA21B}.Release|Any CPU.ActiveCfg = Release|Any CPU
		{B281DAE1-E7D6-4800-9DD7-B7D63CEFA21B}.Release|Any CPU.Build.0 = Release|Any CPU
	EndGlobalSection
	GlobalSection(SolutionProperties) = preSolution
		HideSolutionNode = FALSE
	EndGlobalSection
	GlobalSection(ExtensibilityGlobals) = postSolution
		SolutionGuid = {3357E350-C614-4BE5-B7CA-9C46306AFC43}
	EndGlobalSection
EndGlobal
